// !$*UTF8*$!
{
	archiveVersion = 1;
	classes = {
	};
	objectVersion = 50;
	objects = {

/* Begin PBXBuildFile section */
		CD144E6726D4ABAC00C33D0D /* RoundedButton.swift in Sources */ = {isa = PBXBuildFile; fileRef = CD144E6626D4ABAC00C33D0D /* RoundedButton.swift */; };
		CD144E6926D4AC8900C33D0D /* MainViewTopBar.swift in Sources */ = {isa = PBXBuildFile; fileRef = CD144E6826D4AC8900C33D0D /* MainViewTopBar.swift */; };
		CD144E6B26D4AC9700C33D0D /* MainContentView.swift in Sources */ = {isa = PBXBuildFile; fileRef = CD144E6A26D4AC9700C33D0D /* MainContentView.swift */; };
		CD144E6D26D4ACA800C33D0D /* MainInputView.swift in Sources */ = {isa = PBXBuildFile; fileRef = CD144E6C26D4ACA800C33D0D /* MainInputView.swift */; };
		CD28EA6326DEE32A000CF91D /* SettingsView.swift in Sources */ = {isa = PBXBuildFile; fileRef = CD28EA6226DEE32A000CF91D /* SettingsView.swift */; };
		CD28EA6526DEE334000CF91D /* SettingsViewController.swift in Sources */ = {isa = PBXBuildFile; fileRef = CD28EA6426DEE334000CF91D /* SettingsViewController.swift */; };
		CD4BCE1526E6668E00FA126A /* SmileyStringTransfomer.swift in Sources */ = {isa = PBXBuildFile; fileRef = CD4BCE1426E6668E00FA126A /* SmileyStringTransfomer.swift */; };
		CD4BCE1726E666C000FA126A /* BalabobaStringTransfomer.swift in Sources */ = {isa = PBXBuildFile; fileRef = CD4BCE1626E666C000FA126A /* BalabobaStringTransfomer.swift */; };
		CD4BCE1B26E66DA900FA126A /* BeliberdalService.swift in Sources */ = {isa = PBXBuildFile; fileRef = CD4BCE1A26E66DA900FA126A /* BeliberdalService.swift */; };
		CD4BCE1E26E6A7B900FA126A /* SettingsServiceProtocol.swift in Sources */ = {isa = PBXBuildFile; fileRef = CD4BCE1D26E6A7B900FA126A /* SettingsServiceProtocol.swift */; };
		CD4BCE2026E6A7CC00FA126A /* SettingsService.swift in Sources */ = {isa = PBXBuildFile; fileRef = CD4BCE1F26E6A7CC00FA126A /* SettingsService.swift */; };
		CD4BCE2226E83AFD00FA126A /* SettingsViewModel.swift in Sources */ = {isa = PBXBuildFile; fileRef = CD4BCE2126E83AFD00FA126A /* SettingsViewModel.swift */; };
		CD68DF4226D5859E0004B29A /* MainViewModel.swift in Sources */ = {isa = PBXBuildFile; fileRef = CD68DF4126D5859E0004B29A /* MainViewModel.swift */; };
		CD7BF78026CC705D00EF287D /* StringTransformerProtocol.swift in Sources */ = {isa = PBXBuildFile; fileRef = CD7BF77F26CC705D00EF287D /* StringTransformerProtocol.swift */; };
		CD7BF78526CC744700EF287D /* ViewController.swift in Sources */ = {isa = PBXBuildFile; fileRef = CD7BF78426CC744700EF287D /* ViewController.swift */; };
		CD7BF78726CC746E00EF287D /* MainView.swift in Sources */ = {isa = PBXBuildFile; fileRef = CD7BF78626CC746E00EF287D /* MainView.swift */; };
		CD7BF78926CC74C200EF287D /* MainViewController.swift in Sources */ = {isa = PBXBuildFile; fileRef = CD7BF78826CC74C200EF287D /* MainViewController.swift */; };
		CD7BF78B26CC774700EF287D /* NetworkClient.swift in Sources */ = {isa = PBXBuildFile; fileRef = CD7BF78A26CC774700EF287D /* NetworkClient.swift */; };
		CD7BF78D26CC7A8C00EF287D /* RequestBuilder.swift in Sources */ = {isa = PBXBuildFile; fileRef = CD7BF78C26CC7A8C00EF287D /* RequestBuilder.swift */; };
		CDB804B5269111FE00DB4B14 /* AppDelegate.swift in Sources */ = {isa = PBXBuildFile; fileRef = CDB804B4269111FE00DB4B14 /* AppDelegate.swift */; };
		CDB804BF269111FE00DB4B14 /* beliberdal.xcdatamodeld in Sources */ = {isa = PBXBuildFile; fileRef = CDB804BD269111FE00DB4B14 /* beliberdal.xcdatamodeld */; };
		CDB804C12691120100DB4B14 /* Assets.xcassets in Resources */ = {isa = PBXBuildFile; fileRef = CDB804C02691120100DB4B14 /* Assets.xcassets */; };
		CDB804C42691120100DB4B14 /* LaunchScreen.storyboard in Resources */ = {isa = PBXBuildFile; fileRef = CDB804C22691120100DB4B14 /* LaunchScreen.storyboard */; };
		CDB804CF2691120100DB4B14 /* beliberdalTests.swift in Sources */ = {isa = PBXBuildFile; fileRef = CDB804CE2691120100DB4B14 /* beliberdalTests.swift */; };
		CDB804DA2691120100DB4B14 /* beliberdalUITests.swift in Sources */ = {isa = PBXBuildFile; fileRef = CDB804D92691120100DB4B14 /* beliberdalUITests.swift */; };
		CDF9DA2226CDBDCB00F55824 /* UIColor.swift in Sources */ = {isa = PBXBuildFile; fileRef = CDF9DA2126CDBDCB00F55824 /* UIColor.swift */; };
/* End PBXBuildFile section */

/* Begin PBXContainerItemProxy section */
		CDB804CB2691120100DB4B14 /* PBXContainerItemProxy */ = {
			isa = PBXContainerItemProxy;
			containerPortal = CDB804A9269111FE00DB4B14 /* Project object */;
			proxyType = 1;
			remoteGlobalIDString = CDB804B0269111FE00DB4B14;
			remoteInfo = beliberdal;
		};
		CDB804D62691120100DB4B14 /* PBXContainerItemProxy */ = {
			isa = PBXContainerItemProxy;
			containerPortal = CDB804A9269111FE00DB4B14 /* Project object */;
			proxyType = 1;
			remoteGlobalIDString = CDB804B0269111FE00DB4B14;
			remoteInfo = beliberdal;
		};
/* End PBXContainerItemProxy section */

/* Begin PBXFileReference section */
		CD144E6626D4ABAC00C33D0D /* RoundedButton.swift */ = {isa = PBXFileReference; lastKnownFileType = sourcecode.swift; path = RoundedButton.swift; sourceTree = "<group>"; };
		CD144E6826D4AC8900C33D0D /* MainViewTopBar.swift */ = {isa = PBXFileReference; lastKnownFileType = sourcecode.swift; path = MainViewTopBar.swift; sourceTree = "<group>"; };
		CD144E6A26D4AC9700C33D0D /* MainContentView.swift */ = {isa = PBXFileReference; lastKnownFileType = sourcecode.swift; path = MainContentView.swift; sourceTree = "<group>"; };
		CD144E6C26D4ACA800C33D0D /* MainInputView.swift */ = {isa = PBXFileReference; lastKnownFileType = sourcecode.swift; path = MainInputView.swift; sourceTree = "<group>"; };
		CD28EA6226DEE32A000CF91D /* SettingsView.swift */ = {isa = PBXFileReference; lastKnownFileType = sourcecode.swift; path = SettingsView.swift; sourceTree = "<group>"; };
		CD28EA6426DEE334000CF91D /* SettingsViewController.swift */ = {isa = PBXFileReference; lastKnownFileType = sourcecode.swift; path = SettingsViewController.swift; sourceTree = "<group>"; };
		CD4BCE1426E6668E00FA126A /* SmileyStringTransfomer.swift */ = {isa = PBXFileReference; lastKnownFileType = sourcecode.swift; path = SmileyStringTransfomer.swift; sourceTree = "<group>"; };
		CD4BCE1626E666C000FA126A /* BalabobaStringTransfomer.swift */ = {isa = PBXFileReference; lastKnownFileType = sourcecode.swift; path = BalabobaStringTransfomer.swift; sourceTree = "<group>"; };
		CD4BCE1A26E66DA900FA126A /* BeliberdalService.swift */ = {isa = PBXFileReference; lastKnownFileType = sourcecode.swift; path = BeliberdalService.swift; sourceTree = "<group>"; };
		CD4BCE1D26E6A7B900FA126A /* SettingsServiceProtocol.swift */ = {isa = PBXFileReference; lastKnownFileType = sourcecode.swift; path = SettingsServiceProtocol.swift; sourceTree = "<group>"; };
		CD4BCE1F26E6A7CC00FA126A /* SettingsService.swift */ = {isa = PBXFileReference; lastKnownFileType = sourcecode.swift; path = SettingsService.swift; sourceTree = "<group>"; };
		CD4BCE2126E83AFD00FA126A /* SettingsViewModel.swift */ = {isa = PBXFileReference; lastKnownFileType = sourcecode.swift; path = SettingsViewModel.swift; sourceTree = "<group>"; };
		CD68DF4126D5859E0004B29A /* MainViewModel.swift */ = {isa = PBXFileReference; lastKnownFileType = sourcecode.swift; path = MainViewModel.swift; sourceTree = "<group>"; };
		CD7BF77F26CC705D00EF287D /* StringTransformerProtocol.swift */ = {isa = PBXFileReference; lastKnownFileType = sourcecode.swift; path = StringTransformerProtocol.swift; sourceTree = "<group>"; };
		CD7BF78426CC744700EF287D /* ViewController.swift */ = {isa = PBXFileReference; lastKnownFileType = sourcecode.swift; path = ViewController.swift; sourceTree = "<group>"; };
		CD7BF78626CC746E00EF287D /* MainView.swift */ = {isa = PBXFileReference; lastKnownFileType = sourcecode.swift; path = MainView.swift; sourceTree = "<group>"; };
		CD7BF78826CC74C200EF287D /* MainViewController.swift */ = {isa = PBXFileReference; lastKnownFileType = sourcecode.swift; path = MainViewController.swift; sourceTree = "<group>"; };
		CD7BF78A26CC774700EF287D /* NetworkClient.swift */ = {isa = PBXFileReference; lastKnownFileType = sourcecode.swift; path = NetworkClient.swift; sourceTree = "<group>"; };
		CD7BF78C26CC7A8C00EF287D /* RequestBuilder.swift */ = {isa = PBXFileReference; lastKnownFileType = sourcecode.swift; path = RequestBuilder.swift; sourceTree = "<group>"; };
		CDB804B1269111FE00DB4B14 /* beliberdal.app */ = {isa = PBXFileReference; explicitFileType = wrapper.application; includeInIndex = 0; path = beliberdal.app; sourceTree = BUILT_PRODUCTS_DIR; };
		CDB804B4269111FE00DB4B14 /* AppDelegate.swift */ = {isa = PBXFileReference; lastKnownFileType = sourcecode.swift; path = AppDelegate.swift; sourceTree = "<group>"; };
		CDB804BE269111FE00DB4B14 /* beliberdal.xcdatamodel */ = {isa = PBXFileReference; lastKnownFileType = wrapper.xcdatamodel; path = beliberdal.xcdatamodel; sourceTree = "<group>"; };
		CDB804C02691120100DB4B14 /* Assets.xcassets */ = {isa = PBXFileReference; lastKnownFileType = folder.assetcatalog; path = Assets.xcassets; sourceTree = "<group>"; };
		CDB804C32691120100DB4B14 /* Base */ = {isa = PBXFileReference; lastKnownFileType = file.storyboard; name = Base; path = Base.lproj/LaunchScreen.storyboard; sourceTree = "<group>"; };
		CDB804C52691120100DB4B14 /* Info.plist */ = {isa = PBXFileReference; lastKnownFileType = text.plist.xml; path = Info.plist; sourceTree = "<group>"; };
		CDB804CA2691120100DB4B14 /* beliberdalTests.xctest */ = {isa = PBXFileReference; explicitFileType = wrapper.cfbundle; includeInIndex = 0; path = beliberdalTests.xctest; sourceTree = BUILT_PRODUCTS_DIR; };
		CDB804CE2691120100DB4B14 /* beliberdalTests.swift */ = {isa = PBXFileReference; lastKnownFileType = sourcecode.swift; path = beliberdalTests.swift; sourceTree = "<group>"; };
		CDB804D02691120100DB4B14 /* Info.plist */ = {isa = PBXFileReference; lastKnownFileType = text.plist.xml; path = Info.plist; sourceTree = "<group>"; };
		CDB804D52691120100DB4B14 /* beliberdalUITests.xctest */ = {isa = PBXFileReference; explicitFileType = wrapper.cfbundle; includeInIndex = 0; path = beliberdalUITests.xctest; sourceTree = BUILT_PRODUCTS_DIR; };
		CDB804D92691120100DB4B14 /* beliberdalUITests.swift */ = {isa = PBXFileReference; lastKnownFileType = sourcecode.swift; path = beliberdalUITests.swift; sourceTree = "<group>"; };
		CDB804DB2691120100DB4B14 /* Info.plist */ = {isa = PBXFileReference; lastKnownFileType = text.plist.xml; path = Info.plist; sourceTree = "<group>"; };
		CDF9DA2126CDBDCB00F55824 /* UIColor.swift */ = {isa = PBXFileReference; lastKnownFileType = sourcecode.swift; path = UIColor.swift; sourceTree = "<group>"; };
/* End PBXFileReference section */

/* Begin PBXFrameworksBuildPhase section */
		CDB804AE269111FE00DB4B14 /* Frameworks */ = {
			isa = PBXFrameworksBuildPhase;
			buildActionMask = 2147483647;
			files = (
			);
			runOnlyForDeploymentPostprocessing = 0;
		};
		CDB804C72691120100DB4B14 /* Frameworks */ = {
			isa = PBXFrameworksBuildPhase;
			buildActionMask = 2147483647;
			files = (
			);
			runOnlyForDeploymentPostprocessing = 0;
		};
		CDB804D22691120100DB4B14 /* Frameworks */ = {
			isa = PBXFrameworksBuildPhase;
			buildActionMask = 2147483647;
			files = (
			);
			runOnlyForDeploymentPostprocessing = 0;
		};
/* End PBXFrameworksBuildPhase section */

/* Begin PBXGroup section */
		CD144E6E26D4AD7000C33D0D /* Views */ = {
			isa = PBXGroup;
			children = (
				CD7BF78626CC746E00EF287D /* MainView.swift */,
				CD144E6F26D4AD7A00C33D0D /* SupportingViews */,
			);
			path = Views;
			sourceTree = "<group>";
		};
		CD144E6F26D4AD7A00C33D0D /* SupportingViews */ = {
			isa = PBXGroup;
			children = (
				CD144E6826D4AC8900C33D0D /* MainViewTopBar.swift */,
				CD144E6A26D4AC9700C33D0D /* MainContentView.swift */,
				CD144E6C26D4ACA800C33D0D /* MainInputView.swift */,
			);
			path = SupportingViews;
			sourceTree = "<group>";
		};
		CD28EA6026DEE29E000CF91D /* Main */ = {
			isa = PBXGroup;
			children = (
				CD144E6E26D4AD7000C33D0D /* Views */,
				CD7BF78826CC74C200EF287D /* MainViewController.swift */,
				CD68DF4126D5859E0004B29A /* MainViewModel.swift */,
			);
			path = Main;
			sourceTree = "<group>";
		};
		CD28EA6126DEE31A000CF91D /* Settings */ = {
			isa = PBXGroup;
			children = (
				CD28EA6226DEE32A000CF91D /* SettingsView.swift */,
				CD28EA6426DEE334000CF91D /* SettingsViewController.swift */,
				CD4BCE2126E83AFD00FA126A /* SettingsViewModel.swift */,
			);
			path = Settings;
			sourceTree = "<group>";
		};
		CD4BCE1126E6661F00FA126A /* Transfomer */ = {
			isa = PBXGroup;
			children = (
				CD7BF77F26CC705D00EF287D /* StringTransformerProtocol.swift */,
				CD4BCE1826E66CD000FA126A /* Implementations */,
			);
			path = Transfomer;
			sourceTree = "<group>";
		};
		CD4BCE1826E66CD000FA126A /* Implementations */ = {
			isa = PBXGroup;
			children = (
				CD4BCE1426E6668E00FA126A /* SmileyStringTransfomer.swift */,
				CD4BCE1626E666C000FA126A /* BalabobaStringTransfomer.swift */,
			);
			path = Implementations;
			sourceTree = "<group>";
		};
		CD4BCE1926E66D8800FA126A /* BeliberdalService */ = {
			isa = PBXGroup;
			children = (
				CD4BCE1A26E66DA900FA126A /* BeliberdalService.swift */,
			);
			path = BeliberdalService;
			sourceTree = "<group>";
		};
		CD4BCE1C26E6A7A200FA126A /* SettingsService */ = {
			isa = PBXGroup;
			children = (
				CD4BCE1D26E6A7B900FA126A /* SettingsServiceProtocol.swift */,
				CD4BCE1F26E6A7CC00FA126A /* SettingsService.swift */,
			);
			path = SettingsService;
			sourceTree = "<group>";
		};
		CD7BF77526CC511700EF287D /* Application */ = {
			isa = PBXGroup;
			children = (
				CDB804B4269111FE00DB4B14 /* AppDelegate.swift */,
				CD7BF77626CC511E00EF287D /* Configuration */,
			);
			path = Application;
			sourceTree = "<group>";
		};
		CD7BF77626CC511E00EF287D /* Configuration */ = {
			isa = PBXGroup;
			children = (
				CDB804C52691120100DB4B14 /* Info.plist */,
			);
			path = Configuration;
			sourceTree = "<group>";
		};
		CD7BF77726CC512C00EF287D /* Resources */ = {
			isa = PBXGroup;
			children = (
				CDB804C02691120100DB4B14 /* Assets.xcassets */,
				CD7BF77826CC514000EF287D /* Base */,
			);
			path = Resources;
			sourceTree = "<group>";
		};
		CD7BF77826CC514000EF287D /* Base */ = {
			isa = PBXGroup;
			children = (
				CDB804C22691120100DB4B14 /* LaunchScreen.storyboard */,
			);
			path = Base;
			sourceTree = "<group>";
		};
		CD7BF77926CC515500EF287D /* Modules */ = {
			isa = PBXGroup;
			children = (
				CD7BF77E26CC703500EF287D /* Model */,
				CD7BF77D26CC5A7600EF287D /* UI */,
			);
			path = Modules;
			sourceTree = "<group>";
		};
		CD7BF77A26CC539D00EF287D /* Core */ = {
			isa = PBXGroup;
			children = (
				CD7BF77C26CC542600EF287D /* Networking */,
				CD7BF77B26CC53AA00EF287D /* Storage */,
			);
			path = Core;
			sourceTree = "<group>";
		};
		CD7BF77B26CC53AA00EF287D /* Storage */ = {
			isa = PBXGroup;
			children = (
				CDB804BD269111FE00DB4B14 /* beliberdal.xcdatamodeld */,
			);
			path = Storage;
			sourceTree = "<group>";
		};
		CD7BF77C26CC542600EF287D /* Networking */ = {
			isa = PBXGroup;
			children = (
				CD7BF78A26CC774700EF287D /* NetworkClient.swift */,
				CD7BF78C26CC7A8C00EF287D /* RequestBuilder.swift */,
			);
			path = Networking;
			sourceTree = "<group>";
		};
		CD7BF77D26CC5A7600EF287D /* UI */ = {
			isa = PBXGroup;
			children = (
				CD28EA6026DEE29E000CF91D /* Main */,
				CD28EA6126DEE31A000CF91D /* Settings */,
			);
			path = UI;
			sourceTree = "<group>";
		};
		CD7BF77E26CC703500EF287D /* Model */ = {
			isa = PBXGroup;
			children = (
				CD4BCE1926E66D8800FA126A /* BeliberdalService */,
				CD4BCE1C26E6A7A200FA126A /* SettingsService */,
				CD4BCE1126E6661F00FA126A /* Transfomer */,
			);
			path = Model;
			sourceTree = "<group>";
		};
		CD7BF78126CC742000EF287D /* Library */ = {
			isa = PBXGroup;
			children = (
				CD7BF78226CC742D00EF287D /* UIComponents */,
				CDF9DA2026CDBDB700F55824 /* Utils */,
			);
			path = Library;
			sourceTree = "<group>";
		};
		CD7BF78226CC742D00EF287D /* UIComponents */ = {
			isa = PBXGroup;
			children = (
				CD7BF78326CC743400EF287D /* ModuleComponents */,
				CD144E6626D4ABAC00C33D0D /* RoundedButton.swift */,
			);
			path = UIComponents;
			sourceTree = "<group>";
		};
		CD7BF78326CC743400EF287D /* ModuleComponents */ = {
			isa = PBXGroup;
			children = (
				CD7BF78426CC744700EF287D /* ViewController.swift */,
			);
			path = ModuleComponents;
			sourceTree = "<group>";
		};
		CDB804A8269111FE00DB4B14 = {
			isa = PBXGroup;
			children = (
				CDB804B3269111FE00DB4B14 /* beliberdal */,
				CDB804CD2691120100DB4B14 /* beliberdalTests */,
				CDB804D82691120100DB4B14 /* beliberdalUITests */,
				CDB804B2269111FE00DB4B14 /* Products */,
			);
			sourceTree = "<group>";
		};
		CDB804B2269111FE00DB4B14 /* Products */ = {
			isa = PBXGroup;
			children = (
				CDB804B1269111FE00DB4B14 /* beliberdal.app */,
				CDB804CA2691120100DB4B14 /* beliberdalTests.xctest */,
				CDB804D52691120100DB4B14 /* beliberdalUITests.xctest */,
			);
			name = Products;
			sourceTree = "<group>";
		};
		CDB804B3269111FE00DB4B14 /* beliberdal */ = {
			isa = PBXGroup;
			children = (
				CD7BF77526CC511700EF287D /* Application */,
				CD7BF77A26CC539D00EF287D /* Core */,
				CD7BF78126CC742000EF287D /* Library */,
				CD7BF77926CC515500EF287D /* Modules */,
				CD7BF77726CC512C00EF287D /* Resources */,
			);
			path = beliberdal;
			sourceTree = "<group>";
		};
		CDB804CD2691120100DB4B14 /* beliberdalTests */ = {
			isa = PBXGroup;
			children = (
				CDB804CE2691120100DB4B14 /* beliberdalTests.swift */,
				CDB804D02691120100DB4B14 /* Info.plist */,
			);
			path = beliberdalTests;
			sourceTree = "<group>";
		};
		CDB804D82691120100DB4B14 /* beliberdalUITests */ = {
			isa = PBXGroup;
			children = (
				CDB804D92691120100DB4B14 /* beliberdalUITests.swift */,
				CDB804DB2691120100DB4B14 /* Info.plist */,
			);
			path = beliberdalUITests;
			sourceTree = "<group>";
		};
		CDF9DA2026CDBDB700F55824 /* Utils */ = {
			isa = PBXGroup;
			children = (
				CDF9DA2126CDBDCB00F55824 /* UIColor.swift */,
			);
			path = Utils;
			sourceTree = "<group>";
		};
/* End PBXGroup section */

/* Begin PBXNativeTarget section */
		CDB804B0269111FE00DB4B14 /* beliberdal */ = {
			isa = PBXNativeTarget;
			buildConfigurationList = CDB804DE2691120100DB4B14 /* Build configuration list for PBXNativeTarget "beliberdal" */;
			buildPhases = (
				CDB804AD269111FE00DB4B14 /* Sources */,
				CDB804AE269111FE00DB4B14 /* Frameworks */,
				CDB804AF269111FE00DB4B14 /* Resources */,
			);
			buildRules = (
			);
			dependencies = (
			);
			name = beliberdal;
			productName = beliberdal;
			productReference = CDB804B1269111FE00DB4B14 /* beliberdal.app */;
			productType = "com.apple.product-type.application";
		};
		CDB804C92691120100DB4B14 /* beliberdalTests */ = {
			isa = PBXNativeTarget;
			buildConfigurationList = CDB804E12691120100DB4B14 /* Build configuration list for PBXNativeTarget "beliberdalTests" */;
			buildPhases = (
				CDB804C62691120100DB4B14 /* Sources */,
				CDB804C72691120100DB4B14 /* Frameworks */,
				CDB804C82691120100DB4B14 /* Resources */,
			);
			buildRules = (
			);
			dependencies = (
				CDB804CC2691120100DB4B14 /* PBXTargetDependency */,
			);
			name = beliberdalTests;
			productName = beliberdalTests;
			productReference = CDB804CA2691120100DB4B14 /* beliberdalTests.xctest */;
			productType = "com.apple.product-type.bundle.unit-test";
		};
		CDB804D42691120100DB4B14 /* beliberdalUITests */ = {
			isa = PBXNativeTarget;
			buildConfigurationList = CDB804E42691120100DB4B14 /* Build configuration list for PBXNativeTarget "beliberdalUITests" */;
			buildPhases = (
				CDB804D12691120100DB4B14 /* Sources */,
				CDB804D22691120100DB4B14 /* Frameworks */,
				CDB804D32691120100DB4B14 /* Resources */,
			);
			buildRules = (
			);
			dependencies = (
				CDB804D72691120100DB4B14 /* PBXTargetDependency */,
			);
			name = beliberdalUITests;
			productName = beliberdalUITests;
			productReference = CDB804D52691120100DB4B14 /* beliberdalUITests.xctest */;
			productType = "com.apple.product-type.bundle.ui-testing";
		};
/* End PBXNativeTarget section */

/* Begin PBXProject section */
		CDB804A9269111FE00DB4B14 /* Project object */ = {
			isa = PBXProject;
			attributes = {
				LastSwiftUpdateCheck = 1250;
				LastUpgradeCheck = 1250;
				TargetAttributes = {
					CDB804B0269111FE00DB4B14 = {
						CreatedOnToolsVersion = 12.5;
					};
					CDB804C92691120100DB4B14 = {
						CreatedOnToolsVersion = 12.5;
						TestTargetID = CDB804B0269111FE00DB4B14;
					};
					CDB804D42691120100DB4B14 = {
						CreatedOnToolsVersion = 12.5;
						TestTargetID = CDB804B0269111FE00DB4B14;
					};
				};
			};
			buildConfigurationList = CDB804AC269111FE00DB4B14 /* Build configuration list for PBXProject "beliberdal" */;
			compatibilityVersion = "Xcode 9.3";
			developmentRegion = en;
			hasScannedForEncodings = 0;
			knownRegions = (
				en,
				Base,
			);
			mainGroup = CDB804A8269111FE00DB4B14;
			productRefGroup = CDB804B2269111FE00DB4B14 /* Products */;
			projectDirPath = "";
			projectRoot = "";
			targets = (
				CDB804B0269111FE00DB4B14 /* beliberdal */,
				CDB804C92691120100DB4B14 /* beliberdalTests */,
				CDB804D42691120100DB4B14 /* beliberdalUITests */,
			);
		};
/* End PBXProject section */

/* Begin PBXResourcesBuildPhase section */
		CDB804AF269111FE00DB4B14 /* Resources */ = {
			isa = PBXResourcesBuildPhase;
			buildActionMask = 2147483647;
			files = (
				CDB804C42691120100DB4B14 /* LaunchScreen.storyboard in Resources */,
				CDB804C12691120100DB4B14 /* Assets.xcassets in Resources */,
			);
			runOnlyForDeploymentPostprocessing = 0;
		};
		CDB804C82691120100DB4B14 /* Resources */ = {
			isa = PBXResourcesBuildPhase;
			buildActionMask = 2147483647;
			files = (
			);
			runOnlyForDeploymentPostprocessing = 0;
		};
		CDB804D32691120100DB4B14 /* Resources */ = {
			isa = PBXResourcesBuildPhase;
			buildActionMask = 2147483647;
			files = (
			);
			runOnlyForDeploymentPostprocessing = 0;
		};
/* End PBXResourcesBuildPhase section */

/* Begin PBXSourcesBuildPhase section */
		CDB804AD269111FE00DB4B14 /* Sources */ = {
			isa = PBXSourcesBuildPhase;
			buildActionMask = 2147483647;
			files = (
				CD28EA6326DEE32A000CF91D /* SettingsView.swift in Sources */,
				CDB804BF269111FE00DB4B14 /* beliberdal.xcdatamodeld in Sources */,
				CD144E6726D4ABAC00C33D0D /* RoundedButton.swift in Sources */,
				CD7BF78026CC705D00EF287D /* StringTransformerProtocol.swift in Sources */,
				CD7BF78526CC744700EF287D /* ViewController.swift in Sources */,
				CD144E6926D4AC8900C33D0D /* MainViewTopBar.swift in Sources */,
				CD4BCE1526E6668E00FA126A /* SmileyStringTransfomer.swift in Sources */,
				CD7BF78926CC74C200EF287D /* MainViewController.swift in Sources */,
				CD28EA6526DEE334000CF91D /* SettingsViewController.swift in Sources */,
				CDF9DA2226CDBDCB00F55824 /* UIColor.swift in Sources */,
				CD68DF4226D5859E0004B29A /* MainViewModel.swift in Sources */,
				CD4BCE1E26E6A7B900FA126A /* SettingsServiceProtocol.swift in Sources */,
				CD144E6D26D4ACA800C33D0D /* MainInputView.swift in Sources */,
				CD7BF78B26CC774700EF287D /* NetworkClient.swift in Sources */,
				CD7BF78726CC746E00EF287D /* MainView.swift in Sources */,
				CDB804B5269111FE00DB4B14 /* AppDelegate.swift in Sources */,
				CD4BCE1726E666C000FA126A /* BalabobaStringTransfomer.swift in Sources */,
				CD4BCE2026E6A7CC00FA126A /* SettingsService.swift in Sources */,
				CD4BCE1B26E66DA900FA126A /* BeliberdalService.swift in Sources */,
				CD4BCE2226E83AFD00FA126A /* SettingsViewModel.swift in Sources */,
				CD7BF78D26CC7A8C00EF287D /* RequestBuilder.swift in Sources */,
				CD144E6B26D4AC9700C33D0D /* MainContentView.swift in Sources */,
			);
			runOnlyForDeploymentPostprocessing = 0;
		};
		CDB804C62691120100DB4B14 /* Sources */ = {
			isa = PBXSourcesBuildPhase;
			buildActionMask = 2147483647;
			files = (
				CDB804CF2691120100DB4B14 /* beliberdalTests.swift in Sources */,
			);
			runOnlyForDeploymentPostprocessing = 0;
		};
		CDB804D12691120100DB4B14 /* Sources */ = {
			isa = PBXSourcesBuildPhase;
			buildActionMask = 2147483647;
			files = (
				CDB804DA2691120100DB4B14 /* beliberdalUITests.swift in Sources */,
			);
			runOnlyForDeploymentPostprocessing = 0;
		};
/* End PBXSourcesBuildPhase section */

/* Begin PBXTargetDependency section */
		CDB804CC2691120100DB4B14 /* PBXTargetDependency */ = {
			isa = PBXTargetDependency;
			target = CDB804B0269111FE00DB4B14 /* beliberdal */;
			targetProxy = CDB804CB2691120100DB4B14 /* PBXContainerItemProxy */;
		};
		CDB804D72691120100DB4B14 /* PBXTargetDependency */ = {
			isa = PBXTargetDependency;
			target = CDB804B0269111FE00DB4B14 /* beliberdal */;
			targetProxy = CDB804D62691120100DB4B14 /* PBXContainerItemProxy */;
		};
/* End PBXTargetDependency section */

/* Begin PBXVariantGroup section */
		CDB804C22691120100DB4B14 /* LaunchScreen.storyboard */ = {
			isa = PBXVariantGroup;
			children = (
				CDB804C32691120100DB4B14 /* Base */,
			);
			name = LaunchScreen.storyboard;
			sourceTree = "<group>";
		};
/* End PBXVariantGroup section */

/* Begin XCBuildConfiguration section */
		CDB804DC2691120100DB4B14 /* Debug */ = {
			isa = XCBuildConfiguration;
			buildSettings = {
				ALWAYS_SEARCH_USER_PATHS = NO;
				CLANG_ANALYZER_NONNULL = YES;
				CLANG_ANALYZER_NUMBER_OBJECT_CONVERSION = YES_AGGRESSIVE;
				CLANG_CXX_LANGUAGE_STANDARD = "gnu++14";
				CLANG_CXX_LIBRARY = "libc++";
				CLANG_ENABLE_MODULES = YES;
				CLANG_ENABLE_OBJC_ARC = YES;
				CLANG_ENABLE_OBJC_WEAK = YES;
				CLANG_WARN_BLOCK_CAPTURE_AUTORELEASING = YES;
				CLANG_WARN_BOOL_CONVERSION = YES;
				CLANG_WARN_COMMA = YES;
				CLANG_WARN_CONSTANT_CONVERSION = YES;
				CLANG_WARN_DEPRECATED_OBJC_IMPLEMENTATIONS = YES;
				CLANG_WARN_DIRECT_OBJC_ISA_USAGE = YES_ERROR;
				CLANG_WARN_DOCUMENTATION_COMMENTS = YES;
				CLANG_WARN_EMPTY_BODY = YES;
				CLANG_WARN_ENUM_CONVERSION = YES;
				CLANG_WARN_INFINITE_RECURSION = YES;
				CLANG_WARN_INT_CONVERSION = YES;
				CLANG_WARN_NON_LITERAL_NULL_CONVERSION = YES;
				CLANG_WARN_OBJC_IMPLICIT_RETAIN_SELF = YES;
				CLANG_WARN_OBJC_LITERAL_CONVERSION = YES;
				CLANG_WARN_OBJC_ROOT_CLASS = YES_ERROR;
				CLANG_WARN_QUOTED_INCLUDE_IN_FRAMEWORK_HEADER = YES;
				CLANG_WARN_RANGE_LOOP_ANALYSIS = YES;
				CLANG_WARN_STRICT_PROTOTYPES = YES;
				CLANG_WARN_SUSPICIOUS_MOVE = YES;
				CLANG_WARN_UNGUARDED_AVAILABILITY = YES_AGGRESSIVE;
				CLANG_WARN_UNREACHABLE_CODE = YES;
				CLANG_WARN__DUPLICATE_METHOD_MATCH = YES;
				COPY_PHASE_STRIP = NO;
				DEBUG_INFORMATION_FORMAT = dwarf;
				ENABLE_STRICT_OBJC_MSGSEND = YES;
				ENABLE_TESTABILITY = YES;
				GCC_C_LANGUAGE_STANDARD = gnu11;
				GCC_DYNAMIC_NO_PIC = NO;
				GCC_NO_COMMON_BLOCKS = YES;
				GCC_OPTIMIZATION_LEVEL = 0;
				GCC_PREPROCESSOR_DEFINITIONS = (
					"DEBUG=1",
					"$(inherited)",
				);
				GCC_WARN_64_TO_32_BIT_CONVERSION = YES;
				GCC_WARN_ABOUT_RETURN_TYPE = YES_ERROR;
				GCC_WARN_UNDECLARED_SELECTOR = YES;
				GCC_WARN_UNINITIALIZED_AUTOS = YES_AGGRESSIVE;
				GCC_WARN_UNUSED_FUNCTION = YES;
				GCC_WARN_UNUSED_VARIABLE = YES;
				IPHONEOS_DEPLOYMENT_TARGET = 13.0;
				MTL_ENABLE_DEBUG_INFO = INCLUDE_SOURCE;
				MTL_FAST_MATH = YES;
				ONLY_ACTIVE_ARCH = YES;
				SDKROOT = iphoneos;
				SWIFT_ACTIVE_COMPILATION_CONDITIONS = DEBUG;
				SWIFT_OPTIMIZATION_LEVEL = "-Onone";
			};
			name = Debug;
		};
		CDB804DD2691120100DB4B14 /* Release */ = {
			isa = XCBuildConfiguration;
			buildSettings = {
				ALWAYS_SEARCH_USER_PATHS = NO;
				CLANG_ANALYZER_NONNULL = YES;
				CLANG_ANALYZER_NUMBER_OBJECT_CONVERSION = YES_AGGRESSIVE;
				CLANG_CXX_LANGUAGE_STANDARD = "gnu++14";
				CLANG_CXX_LIBRARY = "libc++";
				CLANG_ENABLE_MODULES = YES;
				CLANG_ENABLE_OBJC_ARC = YES;
				CLANG_ENABLE_OBJC_WEAK = YES;
				CLANG_WARN_BLOCK_CAPTURE_AUTORELEASING = YES;
				CLANG_WARN_BOOL_CONVERSION = YES;
				CLANG_WARN_COMMA = YES;
				CLANG_WARN_CONSTANT_CONVERSION = YES;
				CLANG_WARN_DEPRECATED_OBJC_IMPLEMENTATIONS = YES;
				CLANG_WARN_DIRECT_OBJC_ISA_USAGE = YES_ERROR;
				CLANG_WARN_DOCUMENTATION_COMMENTS = YES;
				CLANG_WARN_EMPTY_BODY = YES;
				CLANG_WARN_ENUM_CONVERSION = YES;
				CLANG_WARN_INFINITE_RECURSION = YES;
				CLANG_WARN_INT_CONVERSION = YES;
				CLANG_WARN_NON_LITERAL_NULL_CONVERSION = YES;
				CLANG_WARN_OBJC_IMPLICIT_RETAIN_SELF = YES;
				CLANG_WARN_OBJC_LITERAL_CONVERSION = YES;
				CLANG_WARN_OBJC_ROOT_CLASS = YES_ERROR;
				CLANG_WARN_QUOTED_INCLUDE_IN_FRAMEWORK_HEADER = YES;
				CLANG_WARN_RANGE_LOOP_ANALYSIS = YES;
				CLANG_WARN_STRICT_PROTOTYPES = YES;
				CLANG_WARN_SUSPICIOUS_MOVE = YES;
				CLANG_WARN_UNGUARDED_AVAILABILITY = YES_AGGRESSIVE;
				CLANG_WARN_UNREACHABLE_CODE = YES;
				CLANG_WARN__DUPLICATE_METHOD_MATCH = YES;
				COPY_PHASE_STRIP = NO;
				DEBUG_INFORMATION_FORMAT = "dwarf-with-dsym";
				ENABLE_NS_ASSERTIONS = NO;
				ENABLE_STRICT_OBJC_MSGSEND = YES;
				GCC_C_LANGUAGE_STANDARD = gnu11;
				GCC_NO_COMMON_BLOCKS = YES;
				GCC_WARN_64_TO_32_BIT_CONVERSION = YES;
				GCC_WARN_ABOUT_RETURN_TYPE = YES_ERROR;
				GCC_WARN_UNDECLARED_SELECTOR = YES;
				GCC_WARN_UNINITIALIZED_AUTOS = YES_AGGRESSIVE;
				GCC_WARN_UNUSED_FUNCTION = YES;
				GCC_WARN_UNUSED_VARIABLE = YES;
				IPHONEOS_DEPLOYMENT_TARGET = 13.0;
				MTL_ENABLE_DEBUG_INFO = NO;
				MTL_FAST_MATH = YES;
				SDKROOT = iphoneos;
				SWIFT_COMPILATION_MODE = wholemodule;
				SWIFT_OPTIMIZATION_LEVEL = "-O";
				VALIDATE_PRODUCT = YES;
			};
			name = Release;
		};
		CDB804DF2691120100DB4B14 /* Debug */ = {
			isa = XCBuildConfiguration;
			buildSettings = {
				ASSETCATALOG_COMPILER_APPICON_NAME = AppIcon;
				ASSETCATALOG_COMPILER_GLOBAL_ACCENT_COLOR_NAME = AccentColor;
				CODE_SIGN_STYLE = Automatic;
				DEVELOPMENT_TEAM = U637V8FNHH;
				INFOPLIST_FILE = beliberdal/Application/Configuration/Info.plist;
				IPHONEOS_DEPLOYMENT_TARGET = 13.0;
				LD_RUNPATH_SEARCH_PATHS = (
					"$(inherited)",
					"@executable_path/Frameworks",
				);
				PRODUCT_BUNDLE_IDENTIFIER = oiuhr.beliberdal;
				PRODUCT_NAME = "$(TARGET_NAME)";
				SWIFT_VERSION = 5.0;
				TARGETED_DEVICE_FAMILY = 1;
			};
			name = Debug;
		};
		CDB804E02691120100DB4B14 /* Release */ = {
			isa = XCBuildConfiguration;
			buildSettings = {
				ASSETCATALOG_COMPILER_APPICON_NAME = AppIcon;
				ASSETCATALOG_COMPILER_GLOBAL_ACCENT_COLOR_NAME = AccentColor;
				CODE_SIGN_STYLE = Automatic;
				DEVELOPMENT_TEAM = U637V8FNHH;
				INFOPLIST_FILE = beliberdal/Application/Configuration/Info.plist;
				IPHONEOS_DEPLOYMENT_TARGET = 13.0;
				LD_RUNPATH_SEARCH_PATHS = (
					"$(inherited)",
					"@executable_path/Frameworks",
				);
				PRODUCT_BUNDLE_IDENTIFIER = oiuhr.beliberdal;
				PRODUCT_NAME = "$(TARGET_NAME)";
				SWIFT_VERSION = 5.0;
				TARGETED_DEVICE_FAMILY = 1;
			};
			name = Release;
		};
		CDB804E22691120100DB4B14 /* Debug */ = {
			isa = XCBuildConfiguration;
			buildSettings = {
				ALWAYS_EMBED_SWIFT_STANDARD_LIBRARIES = YES;
				BUNDLE_LOADER = "$(TEST_HOST)";
				CODE_SIGN_STYLE = Automatic;
				DEVELOPMENT_TEAM = U637V8FNHH;
				INFOPLIST_FILE = beliberdalTests/Info.plist;
				IPHONEOS_DEPLOYMENT_TARGET = 14.5;
				LD_RUNPATH_SEARCH_PATHS = (
					"$(inherited)",
					"@executable_path/Frameworks",
					"@loader_path/Frameworks",
				);
				PRODUCT_BUNDLE_IDENTIFIER = oiuhr.beliberdalTests;
				PRODUCT_NAME = "$(TARGET_NAME)";
				SWIFT_VERSION = 5.0;
				TARGETED_DEVICE_FAMILY = "1,2";
				TEST_HOST = "$(BUILT_PRODUCTS_DIR)/beliberdal.app/beliberdal";
			};
			name = Debug;
		};
		CDB804E32691120100DB4B14 /* Release */ = {
			isa = XCBuildConfiguration;
			buildSettings = {
				ALWAYS_EMBED_SWIFT_STANDARD_LIBRARIES = YES;
				BUNDLE_LOADER = "$(TEST_HOST)";
				CODE_SIGN_STYLE = Automatic;
				DEVELOPMENT_TEAM = U637V8FNHH;
				INFOPLIST_FILE = beliberdalTests/Info.plist;
				IPHONEOS_DEPLOYMENT_TARGET = 14.5;
				LD_RUNPATH_SEARCH_PATHS = (
					"$(inherited)",
					"@executable_path/Frameworks",
					"@loader_path/Frameworks",
				);
				PRODUCT_BUNDLE_IDENTIFIER = oiuhr.beliberdalTests;
				PRODUCT_NAME = "$(TARGET_NAME)";
				SWIFT_VERSION = 5.0;
				TARGETED_DEVICE_FAMILY = "1,2";
				TEST_HOST = "$(BUILT_PRODUCTS_DIR)/beliberdal.app/beliberdal";
			};
			name = Release;
		};
		CDB804E52691120100DB4B14 /* Debug */ = {
			isa = XCBuildConfiguration;
			buildSettings = {
				ALWAYS_EMBED_SWIFT_STANDARD_LIBRARIES = YES;
				CODE_SIGN_STYLE = Automatic;
				DEVELOPMENT_TEAM = U637V8FNHH;
				INFOPLIST_FILE = beliberdalUITests/Info.plist;
				LD_RUNPATH_SEARCH_PATHS = (
					"$(inherited)",
					"@executable_path/Frameworks",
					"@loader_path/Frameworks",
				);
				PRODUCT_BUNDLE_IDENTIFIER = oiuhr.beliberdalUITests;
				PRODUCT_NAME = "$(TARGET_NAME)";
				SWIFT_VERSION = 5.0;
				TARGETED_DEVICE_FAMILY = "1,2";
				TEST_TARGET_NAME = beliberdal;
			};
			name = Debug;
		};
		CDB804E62691120100DB4B14 /* Release */ = {
			isa = XCBuildConfiguration;
			buildSettings = {
				ALWAYS_EMBED_SWIFT_STANDARD_LIBRARIES = YES;
				CODE_SIGN_STYLE = Automatic;
				DEVELOPMENT_TEAM = U637V8FNHH;
				INFOPLIST_FILE = beliberdalUITests/Info.plist;
				LD_RUNPATH_SEARCH_PATHS = (
					"$(inherited)",
					"@executable_path/Frameworks",
					"@loader_path/Frameworks",
				);
				PRODUCT_BUNDLE_IDENTIFIER = oiuhr.beliberdalUITests;
				PRODUCT_NAME = "$(TARGET_NAME)";
				SWIFT_VERSION = 5.0;
				TARGETED_DEVICE_FAMILY = "1,2";
				TEST_TARGET_NAME = beliberdal;
			};
			name = Release;
		};
/* End XCBuildConfiguration section */

/* Begin XCConfigurationList section */
		CDB804AC269111FE00DB4B14 /* Build configuration list for PBXProject "beliberdal" */ = {
			isa = XCConfigurationList;
			buildConfigurations = (
				CDB804DC2691120100DB4B14 /* Debug */,
				CDB804DD2691120100DB4B14 /* Release */,
			);
			defaultConfigurationIsVisible = 0;
			defaultConfigurationName = Release;
		};
		CDB804DE2691120100DB4B14 /* Build configuration list for PBXNativeTarget "beliberdal" */ = {
			isa = XCConfigurationList;
			buildConfigurations = (
				CDB804DF2691120100DB4B14 /* Debug */,
				CDB804E02691120100DB4B14 /* Release */,
			);
			defaultConfigurationIsVisible = 0;
			defaultConfigurationName = Release;
		};
		CDB804E12691120100DB4B14 /* Build configuration list for PBXNativeTarget "beliberdalTests" */ = {
			isa = XCConfigurationList;
			buildConfigurations = (
				CDB804E22691120100DB4B14 /* Debug */,
				CDB804E32691120100DB4B14 /* Release */,
			);
			defaultConfigurationIsVisible = 0;
			defaultConfigurationName = Release;
		};
		CDB804E42691120100DB4B14 /* Build configuration list for PBXNativeTarget "beliberdalUITests" */ = {
			isa = XCConfigurationList;
			buildConfigurations = (
				CDB804E52691120100DB4B14 /* Debug */,
				CDB804E62691120100DB4B14 /* Release */,
			);
			defaultConfigurationIsVisible = 0;
			defaultConfigurationName = Release;
		};
/* End XCConfigurationList section */

/* Begin XCVersionGroup section */
		CDB804BD269111FE00DB4B14 /* beliberdal.xcdatamodeld */ = {
			isa = XCVersionGroup;
			children = (
				CDB804BE269111FE00DB4B14 /* beliberdal.xcdatamodel */,
			);
			currentVersion = CDB804BE269111FE00DB4B14 /* beliberdal.xcdatamodel */;
			path = beliberdal.xcdatamodeld;
			sourceTree = "<group>";
			versionGroupType = wrapper.xcdatamodel;
		};
/* End XCVersionGroup section */
	};
	rootObject = CDB804A9269111FE00DB4B14 /* Project object */;
}
